// !$*UTF8*$!
{
	archiveVersion = 1;
	classes = {
	};
	objectVersion = 46;
	objects = {

/* Begin PBXBuildFile section */
		1F3AA03A1A0D3E4F0077EEAC /* main.cpp in Sources */ = {isa = PBXBuildFile; fileRef = 1F3AA0391A0D3E4F0077EEAC /* main.cpp */; };
		1F3AA0451A0D41F70077EEAC /* scanner.cpp in Sources */ = {isa = PBXBuildFile; fileRef = 1F3AA0431A0D41F70077EEAC /* scanner.cpp */; };
		1F3AA0481A0D42230077EEAC /* token.cpp in Sources */ = {isa = PBXBuildFile; fileRef = 1F3AA0461A0D42230077EEAC /* token.cpp */; };
/* End PBXBuildFile section */

/* Begin PBXCopyFilesBuildPhase section */
		1F3AA0341A0D3E4F0077EEAC /* CopyFiles */ = {
			isa = PBXCopyFilesBuildPhase;
			buildActionMask = 2147483647;
			dstPath = /usr/share/man/man1/;
			dstSubfolderSpec = 0;
			files = (
			);
			runOnlyForDeploymentPostprocessing = 1;
		};
/* End PBXCopyFilesBuildPhase section */

/* Begin PBXFileReference section */
		1F3AA0361A0D3E4F0077EEAC /* paincompiler */ = {isa = PBXFileReference; explicitFileType = "compiled.mach-o.executable"; includeInIndex = 0; path = paincompiler; sourceTree = BUILT_PRODUCTS_DIR; };
		1F3AA0391A0D3E4F0077EEAC /* main.cpp */ = {isa = PBXFileReference; lastKnownFileType = sourcecode.cpp.cpp; path = main.cpp; sourceTree = "<group>"; };
		1F3AA0431A0D41F70077EEAC /* scanner.cpp */ = {isa = PBXFileReference; fileEncoding = 4; lastKnownFileType = sourcecode.cpp.cpp; path = scanner.cpp; sourceTree = "<group>"; };
		1F3AA0441A0D41F70077EEAC /* scanner.h */ = {isa = PBXFileReference; fileEncoding = 4; lastKnownFileType = sourcecode.c.h; path = scanner.h; sourceTree = "<group>"; };
		1F3AA0461A0D42230077EEAC /* token.cpp */ = {isa = PBXFileReference; fileEncoding = 4; lastKnownFileType = sourcecode.cpp.cpp; path = token.cpp; sourceTree = "<group>"; };
		1F3AA0471A0D42230077EEAC /* token.h */ = {isa = PBXFileReference; fileEncoding = 4; lastKnownFileType = sourcecode.c.h; path = token.h; sourceTree = "<group>"; };
/* End PBXFileReference section */

/* Begin PBXFrameworksBuildPhase section */
		1F3AA0331A0D3E4F0077EEAC /* Frameworks */ = {
			isa = PBXFrameworksBuildPhase;
			buildActionMask = 2147483647;
			files = (
			);
			runOnlyForDeploymentPostprocessing = 0;
		};
/* End PBXFrameworksBuildPhase section */

/* Begin PBXGroup section */
		1F3AA02D1A0D3E4F0077EEAC = {
			isa = PBXGroup;
			children = (
				1F3AA0381A0D3E4F0077EEAC /* paincompiler */,
				1F3AA0371A0D3E4F0077EEAC /* Products */,
			);
			sourceTree = "<group>";
		};
		1F3AA0371A0D3E4F0077EEAC /* Products */ = {
			isa = PBXGroup;
			children = (
				1F3AA0361A0D3E4F0077EEAC /* paincompiler */,
			);
			name = Products;
			sourceTree = "<group>";
		};
		1F3AA0381A0D3E4F0077EEAC /* paincompiler */ = {
			isa = PBXGroup;
			children = (
				1F3AA0391A0D3E4F0077EEAC /* main.cpp */,
				1F3AA0431A0D41F70077EEAC /* scanner.cpp */,
				1F3AA0441A0D41F70077EEAC /* scanner.h */,
				1F3AA0461A0D42230077EEAC /* token.cpp */,
				1F3AA0471A0D42230077EEAC /* token.h */,
			);
			path = paincompiler;
			sourceTree = "<group>";
		};
/* End PBXGroup section */

/* Begin PBXNativeTarget section */
		1F3AA0351A0D3E4F0077EEAC /* paincompiler */ = {
			isa = PBXNativeTarget;
			buildConfigurationList = 1F3AA03D1A0D3E4F0077EEAC /* Build configuration list for PBXNativeTarget "paincompiler" */;
			buildPhases = (
				1F3AA0321A0D3E4F0077EEAC /* Sources */,
				1F3AA0331A0D3E4F0077EEAC /* Frameworks */,
				1F3AA0341A0D3E4F0077EEAC /* CopyFiles */,
			);
			buildRules = (
			);
			dependencies = (
			);
			name = paincompiler;
			productName = paincompiler;
			productReference = 1F3AA0361A0D3E4F0077EEAC /* paincompiler */;
			productType = "com.apple.product-type.tool";
		};
/* End PBXNativeTarget section */

/* Begin PBXProject section */
		1F3AA02E1A0D3E4F0077EEAC /* Project object */ = {
			isa = PBXProject;
			attributes = {
				LastUpgradeCheck = 0610;
				ORGANIZATIONNAME = "Leoc O'Cear";
				TargetAttributes = {
					1F3AA0351A0D3E4F0077EEAC = {
						CreatedOnToolsVersion = 6.1;
					};
				};
			};
			buildConfigurationList = 1F3AA0311A0D3E4F0077EEAC /* Build configuration list for PBXProject "paincompiler" */;
			compatibilityVersion = "Xcode 3.2";
			developmentRegion = English;
			hasScannedForEncodings = 0;
			knownRegions = (
				en,
			);
			mainGroup = 1F3AA02D1A0D3E4F0077EEAC;
			productRefGroup = 1F3AA0371A0D3E4F0077EEAC /* Products */;
			projectDirPath = "";
			projectRoot = "";
			targets = (
				1F3AA0351A0D3E4F0077EEAC /* paincompiler */,
			);
		};
/* End PBXProject section */

/* Begin PBXSourcesBuildPhase section */
		1F3AA0321A0D3E4F0077EEAC /* Sources */ = {
			isa = PBXSourcesBuildPhase;
			buildActionMask = 2147483647;
			files = (
				1F3AA03A1A0D3E4F0077EEAC /* main.cpp in Sources */,
				1F3AA0451A0D41F70077EEAC /* scanner.cpp in Sources */,
				1F3AA0481A0D42230077EEAC /* token.cpp in Sources */,
			);
			runOnlyForDeploymentPostprocessing = 0;
		};
/* End PBXSourcesBuildPhase section */

/* Begin XCBuildConfiguration section */
		1F3AA03B1A0D3E4F0077EEAC /* Debug */ = {
			isa = XCBuildConfiguration;
			buildSettings = {
				ALWAYS_SEARCH_USER_PATHS = NO;
				CLANG_CXX_LANGUAGE_STANDARD = "gnu++0x";
				CLANG_CXX_LIBRARY = "libc++";
				CLANG_ENABLE_MODULES = YES;
				CLANG_ENABLE_OBJC_ARC = YES;
				CLANG_WARN_BOOL_CONVERSION = YES;
				CLANG_WARN_CONSTANT_CONVERSION = YES;
				CLANG_WARN_DIRECT_OBJC_ISA_USAGE = YES_ERROR;
				CLANG_WARN_EMPTY_BODY = YES;
				CLANG_WARN_ENUM_CONVERSION = YES;
				CLANG_WARN_INT_CONVERSION = YES;
				CLANG_WARN_OBJC_ROOT_CLASS = YES_ERROR;
				CLANG_WARN_UNREACHABLE_CODE = YES;
				CLANG_WARN__DUPLICATE_METHOD_MATCH = YES;
				COPY_PHASE_STRIP = NO;
				ENABLE_STRICT_OBJC_MSGSEND = YES;
				GCC_C_LANGUAGE_STANDARD = gnu99;
				GCC_DYNAMIC_NO_PIC = NO;
				GCC_OPTIMIZATION_LEVEL = 0;
				GCC_PREPROCESSOR_DEFINITIONS = (
					"DEBUG=1",
					"$(inherited)",
				);
				GCC_SYMBOLS_PRIVATE_EXTERN = NO;
				GCC_WARN_64_TO_32_BIT_CONVERSION = YES;
				GCC_WARN_ABOUT_RETURN_TYPE = YES_ERROR;
				GCC_WARN_UNDECLARED_SELECTOR = YES;
				GCC_WARN_UNINITIALIZED_AUTOS = YES_AGGRESSIVE;
				GCC_WARN_UNUSED_FUNCTION = YES;
				GCC_WARN_UNUSED_VARIABLE = YES;
				MACOSX_DEPLOYMENT_TARGET = 10.10;
				MTL_ENABLE_DEBUG_INFO = YES;
				ONLY_ACTIVE_ARCH = YES;
				SDKROOT = macosx;
			};
			name = Debug;
		};
		1F3AA03C1A0D3E4F0077EEAC /* Release */ = {
			isa = XCBuildConfiguration;
			buildSettings = {
				ALWAYS_SEARCH_USER_PATHS = NO;
				CLANG_CXX_LANGUAGE_STANDARD = "gnu++0x";
				CLANG_CXX_LIBRARY = "libc++";
				CLANG_ENABLE_MODULES = YES;
				CLANG_ENABLE_OBJC_ARC = YES;
				CLANG_WARN_BOOL_CONVERSION = YES;
				CLANG_WARN_CONSTANT_CONVERSION = YES;
				CLANG_WARN_DIRECT_OBJC_ISA_USAGE = YES_ERROR;
				CLANG_WARN_EMPTY_BODY = YES;
				CLANG_WARN_ENUM_CONVERSION = YES;
				CLANG_WARN_INT_CONVERSION = YES;
				CLANG_WARN_OBJC_ROOT_CLASS = YES_ERROR;
				CLANG_WARN_UNREACHABLE_CODE = YES;
				CLANG_WARN__DUPLICATE_METHOD_MATCH = YES;
				COPY_PHASE_STRIP = YES;
				DEBUG_INFORMATION_FORMAT = "dwarf-with-dsym";
				ENABLE_NS_ASSERTIONS = NO;
				ENABLE_STRICT_OBJC_MSGSEND = YES;
				GCC_C_LANGUAGE_STANDARD = gnu99;
				GCC_WARN_64_TO_32_BIT_CONVERSION = YES;
				GCC_WARN_ABOUT_RETURN_TYPE = YES_ERROR;
				GCC_WARN_UNDECLARED_SELECTOR = YES;
				GCC_WARN_UNINITIALIZED_AUTOS = YES_AGGRESSIVE;
				GCC_WARN_UNUSED_FUNCTION = YES;
				GCC_WARN_UNUSED_VARIABLE = YES;
				MACOSX_DEPLOYMENT_TARGET = 10.10;
				MTL_ENABLE_DEBUG_INFO = NO;
				SDKROOT = macosx;
			};
			name = Release;
		};
		1F3AA03E1A0D3E4F0077EEAC /* Debug */ = {
			isa = XCBuildConfiguration;
			buildSettings = {
				PRODUCT_NAME = "$(TARGET_NAME)";
			};
			name = Debug;
		};
		1F3AA03F1A0D3E4F0077EEAC /* Release */ = {
			isa = XCBuildConfiguration;
			buildSettings = {
				PRODUCT_NAME = "$(TARGET_NAME)";
			};
			name = Release;
		};
/* End XCBuildConfiguration section */

/* Begin XCConfigurationList section */
		1F3AA0311A0D3E4F0077EEAC /* Build configuration list for PBXProject "paincompiler" */ = {
			isa = XCConfigurationList;
			buildConfigurations = (
				1F3AA03B1A0D3E4F0077EEAC /* Debug */,
				1F3AA03C1A0D3E4F0077EEAC /* Release */,
			);
			defaultConfigurationIsVisible = 0;
			defaultConfigurationName = Release;
		};
		1F3AA03D1A0D3E4F0077EEAC /* Build configuration list for PBXNativeTarget "paincompiler" */ = {
			isa = XCConfigurationList;
			buildConfigurations = (
				1F3AA03E1A0D3E4F0077EEAC /* Debug */,
				1F3AA03F1A0D3E4F0077EEAC /* Release */,
			);
			defaultConfigurationIsVisible = 0;
		};
/* End XCConfigurationList section */
	};
	rootObject = 1F3AA02E1A0D3E4F0077EEAC /* Project object */;
}
